
Microsoft Visual Studio Solution File, Format Version 12.00
# Visual Studio Version 16
VisualStudioVersion = 16.0.30907.101
MinimumVisualStudioVersion = 10.0.40219.1
Project("{FAE04EC0-301F-11D3-BF4B-00C04F79EFBC}") = "BookStore.API", "BookStore.API\BookStore.API.csproj", "{D2BB8D70-6764-4032-B921-B26709AC8AD5}"
EndProject
Project("{FAE04EC0-301F-11D3-BF4B-00C04F79EFBC}") = "BookStore.Core", "BookStore.Core\BookStore.Core.csproj", "{9A99DB7F-25C3-46B5-B309-14EEBD5E14BC}"
EndProject
Global
	GlobalSection(SolutionConfigurationPlatforms) = preSolution
		Debug|Any CPU = Debug|Any CPU
		Release|Any CPU = Release|Any CPU
	EndGlobalSection
	GlobalSection(ProjectConfigurationPlatforms) = postSolution
		{D2BB8D70-6764-4032-B921-B26709AC8AD5}.Debug|Any CPU.ActiveCfg = Debug|Any CPU
		{D2BB8D70-6764-4032-B921-B26709AC8AD5}.Debug|Any CPU.Build.0 = Debug|Any CPU
		{D2BB8D70-6764-4032-B921-B26709AC8AD5}.Release|Any CPU.ActiveCfg = Release|Any CPU
		{D2BB8D70-6764-4032-B921-B26709AC8AD5}.Release|Any CPU.Build.0 = Release|Any CPU
		{9A99DB7F-25C3-46B5-B309-14EEBD5E14BC}.Debug|Any CPU.ActiveCfg = Debug|Any CPU
		{9A99DB7F-25C3-46B5-B309-14EEBD5E14BC}.Debug|Any CPU.Build.0 = Debug|Any CPU
		{9A99DB7F-25C3-46B5-B309-14EEBD5E14BC}.Release|Any CPU.ActiveCfg = Release|Any CPU
		{9A99DB7F-25C3-46B5-B309-14EEBD5E14BC}.Release|Any CPU.Build.0 = Release|Any CPU
	EndGlobalSection
	GlobalSection(SolutionProperties) = preSolution
		HideSolutionNode = FALSE
	EndGlobalSection
	GlobalSection(ExtensibilityGlobals) = postSolution
		SolutionGuid = {CE28F5E2-B874-4F6F-9C66-DDCA7EE81367}
	EndGlobalSection
EndGlobal
